
Microsoft Visual Studio Solution File, Format Version 12.00
# Visual Studio Version 16
VisualStudioVersion = 16.0.31205.134
MinimumVisualStudioVersion = 10.0.40219.1
Project("{FAE04EC0-301F-11D3-BF4B-00C04F79EFBC}") = "CShapeNetPortScanApplication", "CShapeNetPortScanApplication.csproj", "{D154E76D-E694-47C8-886F-BDEA58CFDF30}"
EndProject
Global
	GlobalSection(SolutionConfigurationPlatforms) = preSolution
		Debug|Any CPU = Debug|Any CPU
		Release|Any CPU = Release|Any CPU
	EndGlobalSection
	GlobalSection(ProjectConfigurationPlatforms) = postSolution
		{D154E76D-E694-47C8-886F-BDEA58CFDF30}.Debug|Any CPU.ActiveCfg = Debug|Any CPU
		{D154E76D-E694-47C8-886F-BDEA58CFDF30}.Debug|Any CPU.Build.0 = Debug|Any CPU
		{D154E76D-E694-47C8-886F-BDEA58CFDF30}.Release|Any CPU.ActiveCfg = Release|Any CPU
		{D154E76D-E694-47C8-886F-BDEA58CFDF30}.Release|Any CPU.Build.0 = Release|Any CPU
	EndGlobalSection
	GlobalSection(SolutionProperties) = preSolution
		HideSolutionNode = FALSE
	EndGlobalSection
	GlobalSection(ExtensibilityGlobals) = postSolution
		SolutionGuid = {DE3A6FF6-27FD-45F1-82A0-6CA5E5B51B7A}
	EndGlobalSection
EndGlobal
